// !$*UTF8*$!
{
	archiveVersion = 1;
	classes = {
	};
	objectVersion = 46;
	objects = {

/* Begin PBXBuildFile section */
		DF0817CF1ACD2DD2007011BE /* main.m in Sources */ = {isa = PBXBuildFile; fileRef = DF0817CE1ACD2DD2007011BE /* main.m */; };
		DF0817D21ACD2DD2007011BE /* AppDelegate.m in Sources */ = {isa = PBXBuildFile; fileRef = DF0817D11ACD2DD2007011BE /* AppDelegate.m */; };
		DF0817D51ACD2DD3007011BE /* ViewController.m in Sources */ = {isa = PBXBuildFile; fileRef = DF0817D41ACD2DD3007011BE /* ViewController.m */; };
		DF0817D81ACD2DD3007011BE /* Main.storyboard in Resources */ = {isa = PBXBuildFile; fileRef = DF0817D61ACD2DD3007011BE /* Main.storyboard */; };
		DF0817DA1ACD2DD3007011BE /* Images.xcassets in Resources */ = {isa = PBXBuildFile; fileRef = DF0817D91ACD2DD3007011BE /* Images.xcassets */; };
		DF0817DD1ACD2DD3007011BE /* LaunchScreen.xib in Resources */ = {isa = PBXBuildFile; fileRef = DF0817DB1ACD2DD3007011BE /* LaunchScreen.xib */; };
		DF0817E91ACD2DD3007011BE /* ___Tests.m in Sources */ = {isa = PBXBuildFile; fileRef = DF0817E81ACD2DD3007011BE /* ___Tests.m */; };
/* End PBXBuildFile section */

/* Begin PBXContainerItemProxy section */
		DF0817E31ACD2DD3007011BE /* PBXContainerItemProxy */ = {
			isa = PBXContainerItemProxy;
			containerPortal = DF0817C11ACD2DD2007011BE /* Project object */;
			proxyType = 1;
			remoteGlobalIDString = DF0817C81ACD2DD2007011BE;
			remoteInfo = "微学院";
		};
/* End PBXContainerItemProxy section */

/* Begin PBXFileReference section */
		DF0817C91ACD2DD2007011BE /* 微学院.app */ = {isa = PBXFileReference; explicitFileType = wrapper.application; includeInIndex = 0; path = "微学院.app"; sourceTree = BUILT_PRODUCTS_DIR; };
		DF0817CD1ACD2DD2007011BE /* Info.plist */ = {isa = PBXFileReference; lastKnownFileType = text.plist.xml; path = Info.plist; sourceTree = "<group>"; };
		DF0817CE1ACD2DD2007011BE /* main.m */ = {isa = PBXFileReference; lastKnownFileType = sourcecode.c.objc; path = main.m; sourceTree = "<group>"; };
		DF0817D01ACD2DD2007011BE /* AppDelegate.h */ = {isa = PBXFileReference; lastKnownFileType = sourcecode.c.h; path = AppDelegate.h; sourceTree = "<group>"; };
		DF0817D11ACD2DD2007011BE /* AppDelegate.m */ = {isa = PBXFileReference; lastKnownFileType = sourcecode.c.objc; path = AppDelegate.m; sourceTree = "<group>"; };
		DF0817D31ACD2DD2007011BE /* ViewController.h */ = {isa = PBXFileReference; lastKnownFileType = sourcecode.c.h; path = ViewController.h; sourceTree = "<group>"; };
		DF0817D41ACD2DD3007011BE /* ViewController.m */ = {isa = PBXFileReference; lastKnownFileType = sourcecode.c.objc; path = ViewController.m; sourceTree = "<group>"; };
		DF0817D71ACD2DD3007011BE /* Base */ = {isa = PBXFileReference; lastKnownFileType = file.storyboard; name = Base; path = Base.lproj/Main.storyboard; sourceTree = "<group>"; };
		DF0817D91ACD2DD3007011BE /* Images.xcassets */ = {isa = PBXFileReference; lastKnownFileType = folder.assetcatalog; path = Images.xcassets; sourceTree = "<group>"; };
		DF0817DC1ACD2DD3007011BE /* Base */ = {isa = PBXFileReference; lastKnownFileType = file.xib; name = Base; path = Base.lproj/LaunchScreen.xib; sourceTree = "<group>"; };
		DF0817E21ACD2DD3007011BE /* 微学院Tests.xctest */ = {isa = PBXFileReference; explicitFileType = wrapper.cfbundle; includeInIndex = 0; path = "微学院Tests.xctest"; sourceTree = BUILT_PRODUCTS_DIR; };
		DF0817E71ACD2DD3007011BE /* Info.plist */ = {isa = PBXFileReference; lastKnownFileType = text.plist.xml; path = Info.plist; sourceTree = "<group>"; };
		DF0817E81ACD2DD3007011BE /* ___Tests.m */ = {isa = PBXFileReference; lastKnownFileType = sourcecode.c.objc; path = "___Tests.m"; sourceTree = "<group>"; };
/* End PBXFileReference section */

/* Begin PBXFrameworksBuildPhase section */
		DF0817C61ACD2DD2007011BE /* Frameworks */ = {
			isa = PBXFrameworksBuildPhase;
			buildActionMask = 2147483647;
			files = (
			);
			runOnlyForDeploymentPostprocessing = 0;
		};
		DF0817DF1ACD2DD3007011BE /* Frameworks */ = {
			isa = PBXFrameworksBuildPhase;
			buildActionMask = 2147483647;
			files = (
			);
			runOnlyForDeploymentPostprocessing = 0;
		};
/* End PBXFrameworksBuildPhase section */

/* Begin PBXGroup section */
		DF0817C01ACD2DD2007011BE = {
			isa = PBXGroup;
			children = (
				DF0817CB1ACD2DD2007011BE /* 微学院 */,
				DF0817E51ACD2DD3007011BE /* 微学院Tests */,
				DF0817CA1ACD2DD2007011BE /* Products */,
			);
			sourceTree = "<group>";
		};
		DF0817CA1ACD2DD2007011BE /* Products */ = {
			isa = PBXGroup;
			children = (
				DF0817C91ACD2DD2007011BE /* 微学院.app */,
				DF0817E21ACD2DD3007011BE /* 微学院Tests.xctest */,
			);
			name = Products;
			sourceTree = "<group>";
		};
		DF0817CB1ACD2DD2007011BE /* 微学院 */ = {
			isa = PBXGroup;
			children = (
				DF0817D01ACD2DD2007011BE /* AppDelegate.h */,
				DF0817D11ACD2DD2007011BE /* AppDelegate.m */,
				DF0817D31ACD2DD2007011BE /* ViewController.h */,
				DF0817D41ACD2DD3007011BE /* ViewController.m */,
				DF0817D61ACD2DD3007011BE /* Main.storyboard */,
				DF0817D91ACD2DD3007011BE /* Images.xcassets */,
				DF0817DB1ACD2DD3007011BE /* LaunchScreen.xib */,
				DF0817CC1ACD2DD2007011BE /* Supporting Files */,
			);
			path = "微学院";
			sourceTree = "<group>";
		};
		DF0817CC1ACD2DD2007011BE /* Supporting Files */ = {
			isa = PBXGroup;
			children = (
				DF0817CD1ACD2DD2007011BE /* Info.plist */,
				DF0817CE1ACD2DD2007011BE /* main.m */,
			);
			name = "Supporting Files";
			sourceTree = "<group>";
		};
		DF0817E51ACD2DD3007011BE /* 微学院Tests */ = {
			isa = PBXGroup;
			children = (
				DF0817E81ACD2DD3007011BE /* ___Tests.m */,
				DF0817E61ACD2DD3007011BE /* Supporting Files */,
			);
			path = "微学院Tests";
			sourceTree = "<group>";
		};
		DF0817E61ACD2DD3007011BE /* Supporting Files */ = {
			isa = PBXGroup;
			children = (
				DF0817E71ACD2DD3007011BE /* Info.plist */,
			);
			name = "Supporting Files";
			sourceTree = "<group>";
		};
/* End PBXGroup section */

/* Begin PBXNativeTarget section */
		DF0817C81ACD2DD2007011BE /* 微学院 */ = {
			isa = PBXNativeTarget;
			buildConfigurationList = DF0817EC1ACD2DD3007011BE /* Build configuration list for PBXNativeTarget "微学院" */;
			buildPhases = (
				DF0817C51ACD2DD2007011BE /* Sources */,
				DF0817C61ACD2DD2007011BE /* Frameworks */,
				DF0817C71ACD2DD2007011BE /* Resources */,
			);
			buildRules = (
			);
			dependencies = (
			);
			name = "微学院";
			productName = "微学院";
			productReference = DF0817C91ACD2DD2007011BE /* 微学院.app */;
			productType = "com.apple.product-type.application";
		};
		DF0817E11ACD2DD3007011BE /* 微学院Tests */ = {
			isa = PBXNativeTarget;
			buildConfigurationList = DF0817EF1ACD2DD3007011BE /* Build configuration list for PBXNativeTarget "微学院Tests" */;
			buildPhases = (
				DF0817DE1ACD2DD3007011BE /* Sources */,
				DF0817DF1ACD2DD3007011BE /* Frameworks */,
				DF0817E01ACD2DD3007011BE /* Resources */,
			);
			buildRules = (
			);
			dependencies = (
				DF0817E41ACD2DD3007011BE /* PBXTargetDependency */,
			);
			name = "微学院Tests";
			productName = "微学院Tests";
			productReference = DF0817E21ACD2DD3007011BE /* 微学院Tests.xctest */;
			productType = "com.apple.product-type.bundle.unit-test";
		};
/* End PBXNativeTarget section */

/* Begin PBXProject section */
		DF0817C11ACD2DD2007011BE /* Project object */ = {
			isa = PBXProject;
			attributes = {
				LastUpgradeCheck = 0610;
				ORGANIZATIONNAME = luoyangzhang;
				TargetAttributes = {
					DF0817C81ACD2DD2007011BE = {
						CreatedOnToolsVersion = 6.1.1;
					};
					DF0817E11ACD2DD3007011BE = {
						CreatedOnToolsVersion = 6.1.1;
						TestTargetID = DF0817C81ACD2DD2007011BE;
					};
				};
			};
			buildConfigurationList = DF0817C41ACD2DD2007011BE /* Build configuration list for PBXProject "微学院" */;
			compatibilityVersion = "Xcode 3.2";
			developmentRegion = English;
			hasScannedForEncodings = 0;
			knownRegions = (
				en,
				Base,
			);
			mainGroup = DF0817C01ACD2DD2007011BE;
			productRefGroup = DF0817CA1ACD2DD2007011BE /* Products */;
			projectDirPath = "";
			projectRoot = "";
			targets = (
				DF0817C81ACD2DD2007011BE /* 微学院 */,
				DF0817E11ACD2DD3007011BE /* 微学院Tests */,
			);
		};
/* End PBXProject section */

/* Begin PBXResourcesBuildPhase section */
		DF0817C71ACD2DD2007011BE /* Resources */ = {
			isa = PBXResourcesBuildPhase;
			buildActionMask = 2147483647;
			files = (
				DF0817D81ACD2DD3007011BE /* Main.storyboard in Resources */,
				DF0817DD1ACD2DD3007011BE /* LaunchScreen.xib in Resources */,
				DF0817DA1ACD2DD3007011BE /* Images.xcassets in Resources */,
			);
			runOnlyForDeploymentPostprocessing = 0;
		};
		DF0817E01ACD2DD3007011BE /* Resources */ = {
			isa = PBXResourcesBuildPhase;
			buildActionMask = 2147483647;
			files = (
			);
			runOnlyForDeploymentPostprocessing = 0;
		};
/* End PBXResourcesBuildPhase section */

/* Begin PBXSourcesBuildPhase section */
		DF0817C51ACD2DD2007011BE /* Sources */ = {
			isa = PBXSourcesBuildPhase;
			buildActionMask = 2147483647;
			files = (
				DF0817D51ACD2DD3007011BE /* ViewController.m in Sources */,
				DF0817D21ACD2DD2007011BE /* AppDelegate.m in Sources */,
				DF0817CF1ACD2DD2007011BE /* main.m in Sources */,
			);
			runOnlyForDeploymentPostprocessing = 0;
		};
		DF0817DE1ACD2DD3007011BE /* Sources */ = {
			isa = PBXSourcesBuildPhase;
			buildActionMask = 2147483647;
			files = (
				DF0817E91ACD2DD3007011BE /* ___Tests.m in Sources */,
			);
			runOnlyForDeploymentPostprocessing = 0;
		};
/* End PBXSourcesBuildPhase section */

/* Begin PBXTargetDependency section */
		DF0817E41ACD2DD3007011BE /* PBXTargetDependency */ = {
			isa = PBXTargetDependency;
			target = DF0817C81ACD2DD2007011BE /* 微学院 */;
			targetProxy = DF0817E31ACD2DD3007011BE /* PBXContainerItemProxy */;
		};
/* End PBXTargetDependency section */

/* Begin PBXVariantGroup section */
		DF0817D61ACD2DD3007011BE /* Main.storyboard */ = {
			isa = PBXVariantGroup;
			children = (
				DF0817D71ACD2DD3007011BE /* Base */,
			);
			name = Main.storyboard;
			sourceTree = "<group>";
		};
		DF0817DB1ACD2DD3007011BE /* LaunchScreen.xib */ = {
			isa = PBXVariantGroup;
			children = (
				DF0817DC1ACD2DD3007011BE /* Base */,
			);
			name = LaunchScreen.xib;
			sourceTree = "<group>";
		};
/* End PBXVariantGroup section */

/* Begin XCBuildConfiguration section */
		DF0817EA1ACD2DD3007011BE /* Debug */ = {
			isa = XCBuildConfiguration;
			buildSettings = {
				ALWAYS_SEARCH_USER_PATHS = NO;
				CLANG_CXX_LANGUAGE_STANDARD = "gnu++0x";
				CLANG_CXX_LIBRARY = "libc++";
				CLANG_ENABLE_MODULES = YES;
				CLANG_ENABLE_OBJC_ARC = YES;
				CLANG_WARN_BOOL_CONVERSION = YES;
				CLANG_WARN_CONSTANT_CONVERSION = YES;
				CLANG_WARN_DIRECT_OBJC_ISA_USAGE = YES_ERROR;
				CLANG_WARN_EMPTY_BODY = YES;
				CLANG_WARN_ENUM_CONVERSION = YES;
				CLANG_WARN_INT_CONVERSION = YES;
				CLANG_WARN_OBJC_ROOT_CLASS = YES_ERROR;
				CLANG_WARN_UNREACHABLE_CODE = YES;
				CLANG_WARN__DUPLICATE_METHOD_MATCH = YES;
				"CODE_SIGN_IDENTITY[sdk=iphoneos*]" = "iPhone Developer";
				COPY_PHASE_STRIP = NO;
				ENABLE_STRICT_OBJC_MSGSEND = YES;
				GCC_C_LANGUAGE_STANDARD = gnu99;
				GCC_DYNAMIC_NO_PIC = NO;
				GCC_OPTIMIZATION_LEVEL = 0;
				GCC_PREPROCESSOR_DEFINITIONS = (
					"DEBUG=1",
					"$(inherited)",
				);
				GCC_SYMBOLS_PRIVATE_EXTERN = NO;
				GCC_WARN_64_TO_32_BIT_CONVERSION = YES;
				GCC_WARN_ABOUT_RETURN_TYPE = YES_ERROR;
				GCC_WARN_UNDECLARED_SELECTOR = YES;
				GCC_WARN_UNINITIALIZED_AUTOS = YES_AGGRESSIVE;
				GCC_WARN_UNUSED_FUNCTION = YES;
				GCC_WARN_UNUSED_VARIABLE = YES;
				IPHONEOS_DEPLOYMENT_TARGET = 8.1;
				MTL_ENABLE_DEBUG_INFO = YES;
				ONLY_ACTIVE_ARCH = YES;
				SDKROOT = iphoneos;
				TARGETED_DEVICE_FAMILY = "1,2";
			};
			name = Debug;
		};
		DF0817EB1ACD2DD3007011BE /* Release */ = {
			isa = XCBuildConfiguration;
			buildSettings = {
				ALWAYS_SEARCH_USER_PATHS = NO;
				CLANG_CXX_LANGUAGE_STANDARD = "gnu++0x";
				CLANG_CXX_LIBRARY = "libc++";
				CLANG_ENABLE_MODULES = YES;
				CLANG_ENABLE_OBJC_ARC = YES;
				CLANG_WARN_BOOL_CONVERSION = YES;
				CLANG_WARN_CONSTANT_CONVERSION = YES;
				CLANG_WARN_DIRECT_OBJC_ISA_USAGE = YES_ERROR;
				CLANG_WARN_EMPTY_BODY = YES;
				CLANG_WARN_ENUM_CONVERSION = YES;
				CLANG_WARN_INT_CONVERSION = YES;
				CLANG_WARN_OBJC_ROOT_CLASS = YES_ERROR;
				CLANG_WARN_UNREACHABLE_CODE = YES;
				CLANG_WARN__DUPLICATE_METHOD_MATCH = YES;
				"CODE_SIGN_IDENTITY[sdk=iphoneos*]" = "iPhone Developer";
				COPY_PHASE_STRIP = YES;
				ENABLE_NS_ASSERTIONS = NO;
				ENABLE_STRICT_OBJC_MSGSEND = YES;
				GCC_C_LANGUAGE_STANDARD = gnu99;
				GCC_WARN_64_TO_32_BIT_CONVERSION = YES;
				GCC_WARN_ABOUT_RETURN_TYPE = YES_ERROR;
				GCC_WARN_UNDECLARED_SELECTOR = YES;
				GCC_WARN_UNINITIALIZED_AUTOS = YES_AGGRESSIVE;
				GCC_WARN_UNUSED_FUNCTION = YES;
				GCC_WARN_UNUSED_VARIABLE = YES;
				IPHONEOS_DEPLOYMENT_TARGET = 8.1;
				MTL_ENABLE_DEBUG_INFO = NO;
				SDKROOT = iphoneos;
				TARGETED_DEVICE_FAMILY = "1,2";
				VALIDATE_PRODUCT = YES;
			};
			name = Release;
		};
		DF0817ED1ACD2DD3007011BE /* Debug */ = {
			isa = XCBuildConfiguration;
			buildSettings = {
				ASSETCATALOG_COMPILER_APPICON_NAME = AppIcon;
				INFOPLIST_FILE = "微学院/Info.plist";
				LD_RUNPATH_SEARCH_PATHS = "$(inherited) @executable_path/Frameworks";
				PRODUCT_NAME = "$(TARGET_NAME)";
			};
			name = Debug;
		};
		DF0817EE1ACD2DD3007011BE /* Release */ = {
			isa = XCBuildConfiguration;
			buildSettings = {
				ASSETCATALOG_COMPILER_APPICON_NAME = AppIcon;
				INFOPLIST_FILE = "微学院/Info.plist";
				LD_RUNPATH_SEARCH_PATHS = "$(inherited) @executable_path/Frameworks";
				PRODUCT_NAME = "$(TARGET_NAME)";
			};
			name = Release;
		};
		DF0817F01ACD2DD3007011BE /* Debug */ = {
			isa = XCBuildConfiguration;
			buildSettings = {
				BUNDLE_LOADER = "$(TEST_HOST)";
				FRAMEWORK_SEARCH_PATHS = (
					"$(SDKROOT)/Developer/Library/Frameworks",
					"$(inherited)",
				);
				GCC_PREPROCESSOR_DEFINITIONS = (
					"DEBUG=1",
					"$(inherited)",
				);
				INFOPLIST_FILE = "微学院Tests/Info.plist";
				LD_RUNPATH_SEARCH_PATHS = "$(inherited) @executable_path/Frameworks @loader_path/Frameworks";
				PRODUCT_NAME = "$(TARGET_NAME)";
				TEST_HOST = "$(BUILT_PRODUCTS_DIR)/微学院.app/微学院";
			};
			name = Debug;
		};
		DF0817F11ACD2DD3007011BE /* Release */ = {
			isa = XCBuildConfiguration;
			buildSettings = {
				BUNDLE_LOADER = "$(TEST_HOST)";
				FRAMEWORK_SEARCH_PATHS = (
					"$(SDKROOT)/Developer/Library/Frameworks",
					"$(inherited)",
				);
				INFOPLIST_FILE = "微学院Tests/Info.plist";
				LD_RUNPATH_SEARCH_PATHS = "$(inherited) @executable_path/Frameworks @loader_path/Frameworks";
				PRODUCT_NAME = "$(TARGET_NAME)";
				TEST_HOST = "$(BUILT_PRODUCTS_DIR)/微学院.app/微学院";
			};
			name = Release;
		};
/* End XCBuildConfiguration section */

/* Begin XCConfigurationList section */
		DF0817C41ACD2DD2007011BE /* Build configuration list for PBXProject "微学院" */ = {
			isa = XCConfigurationList;
			buildConfigurations = (
				DF0817EA1ACD2DD3007011BE /* Debug */,
				DF0817EB1ACD2DD3007011BE /* Release */,
			);
			defaultConfigurationIsVisible = 0;
			defaultConfigurationName = Release;
		};
		DF0817EC1ACD2DD3007011BE /* Build configuration list for PBXNativeTarget "微学院" */ = {
			isa = XCConfigurationList;
			buildConfigurations = (
				DF0817ED1ACD2DD3007011BE /* Debug */,
				DF0817EE1ACD2DD3007011BE /* Release */,
			);
			defaultConfigurationIsVisible = 0;
		};
		DF0817EF1ACD2DD3007011BE /* Build configuration list for PBXNativeTarget "微学院Tests" */ = {
			isa = XCConfigurationList;
			buildConfigurations = (
				DF0817F01ACD2DD3007011BE /* Debug */,
				DF0817F11ACD2DD3007011BE /* Release */,
			);
			defaultConfigurationIsVisible = 0;
		};
/* End XCConfigurationList section */
	};
	rootObject = DF0817C11ACD2DD2007011BE /* Project object */;
}
